
Microsoft Visual Studio Solution File, Format Version 12.00
# Visual Studio Version 18
VisualStudioVersion = 18.0.11116.177
MinimumVisualStudioVersion = 10.0.40219.1
Project("{9A19103F-16F7-4668-BE54-9A1E7A4F7556}") = "SaturnEngine", "SaturnEngine\SaturnEngine.csproj", "{BF0F8EFD-BF79-4E63-8DEE-B51AB0EF09A1}"
EndProject
Project("{FAE04EC0-301F-11D3-BF4B-00C04F79EFBC}") = "Windows_Test_Project", "Windows_Test_Project\Windows_Test_Project.csproj", "{9830A8FC-BDEB-4E7E-9C2E-29DC140AB90B}"
EndProject
Project("{FAE04EC0-301F-11D3-BF4B-00C04F79EFBC}") = "ImageProcesser", "ImageProcesser\ImageProcesser.csproj", "{F73EA85F-16B5-4EF6-A776-147548644F2A}"
EndProject
Project("{FAE04EC0-301F-11D3-BF4B-00C04F79EFBC}") = "SEDumper", "SEDumper\SEDumper.csproj", "{FACE6D9C-8AFC-412B-B390-3A262A4D2B5E}"
EndProject
Project("{FAE04EC0-301F-11D3-BF4B-00C04F79EFBC}") = "FuncTester", "FuncTester\FuncTester.csproj", "{5F5A5273-2461-4667-A410-435AC250CC12}"
EndProject
Project("{FAE04EC0-301F-11D3-BF4B-00C04F79EFBC}") = "SEWirelessDebugger", "SEWirelessDebuger\SEWirelessDebugger.csproj", "{30682D1C-1585-48C7-8C55-455698077411}"
EndProject
Project("{FAE04EC0-301F-11D3-BF4B-00C04F79EFBC}") = "Packager", "Packager\Packager.csproj", "{78869069-D38E-B129-6CF9-EEA62B2D90D5}"
EndProject
Global
	GlobalSection(SolutionConfigurationPlatforms) = preSolution
		Debug|Android-arm64-v8a = Debug|Android-arm64-v8a
		Debug|Any CPU = Debug|Any CPU
		Debug|ARM64 = Debug|ARM64
		Debug|Gaming.Desktop.x64 = Debug|Gaming.Desktop.x64
		Debug|x64 = Debug|x64
		Release|Android-arm64-v8a = Release|Android-arm64-v8a
		Release|Any CPU = Release|Any CPU
		Release|ARM64 = Release|ARM64
		Release|Gaming.Desktop.x64 = Release|Gaming.Desktop.x64
		Release|x64 = Release|x64
	EndGlobalSection
	GlobalSection(ProjectConfigurationPlatforms) = postSolution
		{BF0F8EFD-BF79-4E63-8DEE-B51AB0EF09A1}.Debug|Android-arm64-v8a.ActiveCfg = Debug|Any CPU
		{BF0F8EFD-BF79-4E63-8DEE-B51AB0EF09A1}.Debug|Android-arm64-v8a.Build.0 = Debug|Any CPU
		{BF0F8EFD-BF79-4E63-8DEE-B51AB0EF09A1}.Debug|Any CPU.ActiveCfg = Debug|x64
		{BF0F8EFD-BF79-4E63-8DEE-B51AB0EF09A1}.Debug|Any CPU.Build.0 = Debug|x64
		{BF0F8EFD-BF79-4E63-8DEE-B51AB0EF09A1}.Debug|ARM64.ActiveCfg = Debug|ARM64
		{BF0F8EFD-BF79-4E63-8DEE-B51AB0EF09A1}.Debug|ARM64.Build.0 = Debug|ARM64
		{BF0F8EFD-BF79-4E63-8DEE-B51AB0EF09A1}.Debug|Gaming.Desktop.x64.ActiveCfg = Debug|Any CPU
		{BF0F8EFD-BF79-4E63-8DEE-B51AB0EF09A1}.Debug|Gaming.Desktop.x64.Build.0 = Debug|Any CPU
		{BF0F8EFD-BF79-4E63-8DEE-B51AB0EF09A1}.Debug|x64.ActiveCfg = Debug|x64
		{BF0F8EFD-BF79-4E63-8DEE-B51AB0EF09A1}.Debug|x64.Build.0 = Debug|x64
		{BF0F8EFD-BF79-4E63-8DEE-B51AB0EF09A1}.Release|Android-arm64-v8a.ActiveCfg = Release|Any CPU
		{BF0F8EFD-BF79-4E63-8DEE-B51AB0EF09A1}.Release|Android-arm64-v8a.Build.0 = Release|Any CPU
		{BF0F8EFD-BF79-4E63-8DEE-B51AB0EF09A1}.Release|Any CPU.ActiveCfg = Release|Any CPU
		{BF0F8EFD-BF79-4E63-8DEE-B51AB0EF09A1}.Release|Any CPU.Build.0 = Release|Any CPU
		{BF0F8EFD-BF79-4E63-8DEE-B51AB0EF09A1}.Release|ARM64.ActiveCfg = Release|ARM64
		{BF0F8EFD-BF79-4E63-8DEE-B51AB0EF09A1}.Release|ARM64.Build.0 = Release|ARM64
		{BF0F8EFD-BF79-4E63-8DEE-B51AB0EF09A1}.Release|Gaming.Desktop.x64.ActiveCfg = Release|Any CPU
		{BF0F8EFD-BF79-4E63-8DEE-B51AB0EF09A1}.Release|Gaming.Desktop.x64.Build.0 = Release|Any CPU
		{BF0F8EFD-BF79-4E63-8DEE-B51AB0EF09A1}.Release|x64.ActiveCfg = Release|x64
		{BF0F8EFD-BF79-4E63-8DEE-B51AB0EF09A1}.Release|x64.Build.0 = Release|x64
		{9830A8FC-BDEB-4E7E-9C2E-29DC140AB90B}.Debug|Android-arm64-v8a.ActiveCfg = Debug|Any CPU
		{9830A8FC-BDEB-4E7E-9C2E-29DC140AB90B}.Debug|Android-arm64-v8a.Build.0 = Debug|Any CPU
		{9830A8FC-BDEB-4E7E-9C2E-29DC140AB90B}.Debug|Any CPU.ActiveCfg = Debug|x64
		{9830A8FC-BDEB-4E7E-9C2E-29DC140AB90B}.Debug|Any CPU.Build.0 = Debug|x64
		{9830A8FC-BDEB-4E7E-9C2E-29DC140AB90B}.Debug|ARM64.ActiveCfg = Debug|ARM64
		{9830A8FC-BDEB-4E7E-9C2E-29DC140AB90B}.Debug|ARM64.Build.0 = Debug|ARM64
		{9830A8FC-BDEB-4E7E-9C2E-29DC140AB90B}.Debug|Gaming.Desktop.x64.ActiveCfg = Debug|Any CPU
		{9830A8FC-BDEB-4E7E-9C2E-29DC140AB90B}.Debug|Gaming.Desktop.x64.Build.0 = Debug|Any CPU
		{9830A8FC-BDEB-4E7E-9C2E-29DC140AB90B}.Debug|x64.ActiveCfg = Debug|x64
		{9830A8FC-BDEB-4E7E-9C2E-29DC140AB90B}.Debug|x64.Build.0 = Debug|x64
		{9830A8FC-BDEB-4E7E-9C2E-29DC140AB90B}.Release|Android-arm64-v8a.ActiveCfg = Release|Any CPU
		{9830A8FC-BDEB-4E7E-9C2E-29DC140AB90B}.Release|Android-arm64-v8a.Build.0 = Release|Any CPU
		{9830A8FC-BDEB-4E7E-9C2E-29DC140AB90B}.Release|Any CPU.ActiveCfg = Release|Any CPU
		{9830A8FC-BDEB-4E7E-9C2E-29DC140AB90B}.Release|Any CPU.Build.0 = Release|Any CPU
		{9830A8FC-BDEB-4E7E-9C2E-29DC140AB90B}.Release|ARM64.ActiveCfg = Release|ARM64
		{9830A8FC-BDEB-4E7E-9C2E-29DC140AB90B}.Release|ARM64.Build.0 = Release|ARM64
		{9830A8FC-BDEB-4E7E-9C2E-29DC140AB90B}.Release|Gaming.Desktop.x64.ActiveCfg = Release|Any CPU
		{9830A8FC-BDEB-4E7E-9C2E-29DC140AB90B}.Release|Gaming.Desktop.x64.Build.0 = Release|Any CPU
		{9830A8FC-BDEB-4E7E-9C2E-29DC140AB90B}.Release|x64.ActiveCfg = Release|x64
		{9830A8FC-BDEB-4E7E-9C2E-29DC140AB90B}.Release|x64.Build.0 = Release|x64
		{F73EA85F-16B5-4EF6-A776-147548644F2A}.Debug|Android-arm64-v8a.ActiveCfg = Debug|Any CPU
		{F73EA85F-16B5-4EF6-A776-147548644F2A}.Debug|Android-arm64-v8a.Build.0 = Debug|Any CPU
		{F73EA85F-16B5-4EF6-A776-147548644F2A}.Debug|Any CPU.ActiveCfg = Debug|Any CPU
		{F73EA85F-16B5-4EF6-A776-147548644F2A}.Debug|Any CPU.Build.0 = Debug|Any CPU
		{F73EA85F-16B5-4EF6-A776-147548644F2A}.Debug|ARM64.ActiveCfg = Debug|Any CPU
		{F73EA85F-16B5-4EF6-A776-147548644F2A}.Debug|ARM64.Build.0 = Debug|Any CPU
		{F73EA85F-16B5-4EF6-A776-147548644F2A}.Debug|Gaming.Desktop.x64.ActiveCfg = Debug|Any CPU
		{F73EA85F-16B5-4EF6-A776-147548644F2A}.Debug|Gaming.Desktop.x64.Build.0 = Debug|Any CPU
		{F73EA85F-16B5-4EF6-A776-147548644F2A}.Debug|x64.ActiveCfg = Debug|x64
		{F73EA85F-16B5-4EF6-A776-147548644F2A}.Debug|x64.Build.0 = Debug|x64
		{F73EA85F-16B5-4EF6-A776-147548644F2A}.Release|Android-arm64-v8a.ActiveCfg = Release|Any CPU
		{F73EA85F-16B5-4EF6-A776-147548644F2A}.Release|Android-arm64-v8a.Build.0 = Release|Any CPU
		{F73EA85F-16B5-4EF6-A776-147548644F2A}.Release|Any CPU.ActiveCfg = Release|Any CPU
		{F73EA85F-16B5-4EF6-A776-147548644F2A}.Release|Any CPU.Build.0 = Release|Any CPU
		{F73EA85F-16B5-4EF6-A776-147548644F2A}.Release|ARM64.ActiveCfg = Release|Any CPU
		{F73EA85F-16B5-4EF6-A776-147548644F2A}.Release|ARM64.Build.0 = Release|Any CPU
		{F73EA85F-16B5-4EF6-A776-147548644F2A}.Release|Gaming.Desktop.x64.ActiveCfg = Release|Any CPU
		{F73EA85F-16B5-4EF6-A776-147548644F2A}.Release|Gaming.Desktop.x64.Build.0 = Release|Any CPU
		{F73EA85F-16B5-4EF6-A776-147548644F2A}.Release|x64.ActiveCfg = Release|Any CPU
		{F73EA85F-16B5-4EF6-A776-147548644F2A}.Release|x64.Build.0 = Release|Any CPU
		{FACE6D9C-8AFC-412B-B390-3A262A4D2B5E}.Debug|Android-arm64-v8a.ActiveCfg = Debug|Any CPU
		{FACE6D9C-8AFC-412B-B390-3A262A4D2B5E}.Debug|Android-arm64-v8a.Build.0 = Debug|Any CPU
		{FACE6D9C-8AFC-412B-B390-3A262A4D2B5E}.Debug|Any CPU.ActiveCfg = Debug|Any CPU
		{FACE6D9C-8AFC-412B-B390-3A262A4D2B5E}.Debug|Any CPU.Build.0 = Debug|Any CPU
		{FACE6D9C-8AFC-412B-B390-3A262A4D2B5E}.Debug|ARM64.ActiveCfg = Debug|Any CPU
		{FACE6D9C-8AFC-412B-B390-3A262A4D2B5E}.Debug|ARM64.Build.0 = Debug|Any CPU
		{FACE6D9C-8AFC-412B-B390-3A262A4D2B5E}.Debug|Gaming.Desktop.x64.ActiveCfg = Debug|Any CPU
		{FACE6D9C-8AFC-412B-B390-3A262A4D2B5E}.Debug|Gaming.Desktop.x64.Build.0 = Debug|Any CPU
		{FACE6D9C-8AFC-412B-B390-3A262A4D2B5E}.Debug|x64.ActiveCfg = Debug|x64
		{FACE6D9C-8AFC-412B-B390-3A262A4D2B5E}.Debug|x64.Build.0 = Debug|x64
		{FACE6D9C-8AFC-412B-B390-3A262A4D2B5E}.Release|Android-arm64-v8a.ActiveCfg = Release|Any CPU
		{FACE6D9C-8AFC-412B-B390-3A262A4D2B5E}.Release|Android-arm64-v8a.Build.0 = Release|Any CPU
		{FACE6D9C-8AFC-412B-B390-3A262A4D2B5E}.Release|Any CPU.ActiveCfg = Release|Any CPU
		{FACE6D9C-8AFC-412B-B390-3A262A4D2B5E}.Release|Any CPU.Build.0 = Release|Any CPU
		{FACE6D9C-8AFC-412B-B390-3A262A4D2B5E}.Release|ARM64.ActiveCfg = Release|Any CPU
		{FACE6D9C-8AFC-412B-B390-3A262A4D2B5E}.Release|ARM64.Build.0 = Release|Any CPU
		{FACE6D9C-8AFC-412B-B390-3A262A4D2B5E}.Release|Gaming.Desktop.x64.ActiveCfg = Release|Any CPU
		{FACE6D9C-8AFC-412B-B390-3A262A4D2B5E}.Release|Gaming.Desktop.x64.Build.0 = Release|Any CPU
		{FACE6D9C-8AFC-412B-B390-3A262A4D2B5E}.Release|x64.ActiveCfg = Release|x64
		{FACE6D9C-8AFC-412B-B390-3A262A4D2B5E}.Release|x64.Build.0 = Release|x64
		{5F5A5273-2461-4667-A410-435AC250CC12}.Debug|Android-arm64-v8a.ActiveCfg = Debug|Any CPU
		{5F5A5273-2461-4667-A410-435AC250CC12}.Debug|Android-arm64-v8a.Build.0 = Debug|Any CPU
		{5F5A5273-2461-4667-A410-435AC250CC12}.Debug|Any CPU.ActiveCfg = Debug|Any CPU
		{5F5A5273-2461-4667-A410-435AC250CC12}.Debug|Any CPU.Build.0 = Debug|Any CPU
		{5F5A5273-2461-4667-A410-435AC250CC12}.Debug|ARM64.ActiveCfg = Debug|Any CPU
		{5F5A5273-2461-4667-A410-435AC250CC12}.Debug|ARM64.Build.0 = Debug|Any CPU
		{5F5A5273-2461-4667-A410-435AC250CC12}.Debug|Gaming.Desktop.x64.ActiveCfg = Debug|Any CPU
		{5F5A5273-2461-4667-A410-435AC250CC12}.Debug|Gaming.Desktop.x64.Build.0 = Debug|Any CPU
		{5F5A5273-2461-4667-A410-435AC250CC12}.Debug|x64.ActiveCfg = Debug|x64
		{5F5A5273-2461-4667-A410-435AC250CC12}.Debug|x64.Build.0 = Debug|x64
		{5F5A5273-2461-4667-A410-435AC250CC12}.Release|Android-arm64-v8a.ActiveCfg = Release|Any CPU
		{5F5A5273-2461-4667-A410-435AC250CC12}.Release|Android-arm64-v8a.Build.0 = Release|Any CPU
		{5F5A5273-2461-4667-A410-435AC250CC12}.Release|Any CPU.ActiveCfg = Release|Any CPU
		{5F5A5273-2461-4667-A410-435AC250CC12}.Release|Any CPU.Build.0 = Release|Any CPU
		{5F5A5273-2461-4667-A410-435AC250CC12}.Release|ARM64.ActiveCfg = Release|Any CPU
		{5F5A5273-2461-4667-A410-435AC250CC12}.Release|ARM64.Build.0 = Release|Any CPU
		{5F5A5273-2461-4667-A410-435AC250CC12}.Release|Gaming.Desktop.x64.ActiveCfg = Release|Any CPU
		{5F5A5273-2461-4667-A410-435AC250CC12}.Release|Gaming.Desktop.x64.Build.0 = Release|Any CPU
		{5F5A5273-2461-4667-A410-435AC250CC12}.Release|x64.ActiveCfg = Release|Any CPU
		{5F5A5273-2461-4667-A410-435AC250CC12}.Release|x64.Build.0 = Release|Any CPU
		{30682D1C-1585-48C7-8C55-455698077411}.Debug|Android-arm64-v8a.ActiveCfg = Debug|Any CPU
		{30682D1C-1585-48C7-8C55-455698077411}.Debug|Android-arm64-v8a.Build.0 = Debug|Any CPU
		{30682D1C-1585-48C7-8C55-455698077411}.Debug|Any CPU.ActiveCfg = Debug|Any CPU
		{30682D1C-1585-48C7-8C55-455698077411}.Debug|Any CPU.Build.0 = Debug|Any CPU
		{30682D1C-1585-48C7-8C55-455698077411}.Debug|ARM64.ActiveCfg = Debug|Any CPU
		{30682D1C-1585-48C7-8C55-455698077411}.Debug|ARM64.Build.0 = Debug|Any CPU
		{30682D1C-1585-48C7-8C55-455698077411}.Debug|Gaming.Desktop.x64.ActiveCfg = Debug|Any CPU
		{30682D1C-1585-48C7-8C55-455698077411}.Debug|Gaming.Desktop.x64.Build.0 = Debug|Any CPU
		{30682D1C-1585-48C7-8C55-455698077411}.Debug|x64.ActiveCfg = Debug|Any CPU
		{30682D1C-1585-48C7-8C55-455698077411}.Debug|x64.Build.0 = Debug|Any CPU
		{30682D1C-1585-48C7-8C55-455698077411}.Release|Android-arm64-v8a.ActiveCfg = Release|Any CPU
		{30682D1C-1585-48C7-8C55-455698077411}.Release|Android-arm64-v8a.Build.0 = Release|Any CPU
		{30682D1C-1585-48C7-8C55-455698077411}.Release|Any CPU.ActiveCfg = Release|Any CPU
		{30682D1C-1585-48C7-8C55-455698077411}.Release|Any CPU.Build.0 = Release|Any CPU
		{30682D1C-1585-48C7-8C55-455698077411}.Release|ARM64.ActiveCfg = Release|Any CPU
		{30682D1C-1585-48C7-8C55-455698077411}.Release|ARM64.Build.0 = Release|Any CPU
		{30682D1C-1585-48C7-8C55-455698077411}.Release|Gaming.Desktop.x64.ActiveCfg = Release|Any CPU
		{30682D1C-1585-48C7-8C55-455698077411}.Release|Gaming.Desktop.x64.Build.0 = Release|Any CPU
		{30682D1C-1585-48C7-8C55-455698077411}.Release|x64.ActiveCfg = Release|Any CPU
		{30682D1C-1585-48C7-8C55-455698077411}.Release|x64.Build.0 = Release|Any CPU
		{78869069-D38E-B129-6CF9-EEA62B2D90D5}.Debug|Android-arm64-v8a.ActiveCfg = Debug|Any CPU
		{78869069-D38E-B129-6CF9-EEA62B2D90D5}.Debug|Android-arm64-v8a.Build.0 = Debug|Any CPU
		{78869069-D38E-B129-6CF9-EEA62B2D90D5}.Debug|Any CPU.ActiveCfg = Debug|Any CPU
		{78869069-D38E-B129-6CF9-EEA62B2D90D5}.Debug|Any CPU.Build.0 = Debug|Any CPU
		{78869069-D38E-B129-6CF9-EEA62B2D90D5}.Debug|ARM64.ActiveCfg = Debug|Any CPU
		{78869069-D38E-B129-6CF9-EEA62B2D90D5}.Debug|ARM64.Build.0 = Debug|Any CPU
		{78869069-D38E-B129-6CF9-EEA62B2D90D5}.Debug|Gaming.Desktop.x64.ActiveCfg = Debug|Any CPU
		{78869069-D38E-B129-6CF9-EEA62B2D90D5}.Debug|Gaming.Desktop.x64.Build.0 = Debug|Any CPU
		{78869069-D38E-B129-6CF9-EEA62B2D90D5}.Debug|x64.ActiveCfg = Debug|x64
		{78869069-D38E-B129-6CF9-EEA62B2D90D5}.Debug|x64.Build.0 = Debug|x64
		{78869069-D38E-B129-6CF9-EEA62B2D90D5}.Release|Android-arm64-v8a.ActiveCfg = Release|Any CPU
		{78869069-D38E-B129-6CF9-EEA62B2D90D5}.Release|Android-arm64-v8a.Build.0 = Release|Any CPU
		{78869069-D38E-B129-6CF9-EEA62B2D90D5}.Release|Any CPU.ActiveCfg = Release|Any CPU
		{78869069-D38E-B129-6CF9-EEA62B2D90D5}.Release|Any CPU.Build.0 = Release|Any CPU
		{78869069-D38E-B129-6CF9-EEA62B2D90D5}.Release|ARM64.ActiveCfg = Release|Any CPU
		{78869069-D38E-B129-6CF9-EEA62B2D90D5}.Release|ARM64.Build.0 = Release|Any CPU
		{78869069-D38E-B129-6CF9-EEA62B2D90D5}.Release|Gaming.Desktop.x64.ActiveCfg = Release|Any CPU
		{78869069-D38E-B129-6CF9-EEA62B2D90D5}.Release|Gaming.Desktop.x64.Build.0 = Release|Any CPU
		{78869069-D38E-B129-6CF9-EEA62B2D90D5}.Release|x64.ActiveCfg = Release|x64
		{78869069-D38E-B129-6CF9-EEA62B2D90D5}.Release|x64.Build.0 = Release|x64
	EndGlobalSection
	GlobalSection(SolutionProperties) = preSolution
		HideSolutionNode = FALSE
	EndGlobalSection
	GlobalSection(ExtensibilityGlobals) = postSolution
		SolutionGuid = {C4558A1F-2908-44F0-84E1-3DB400273AFB}
	EndGlobalSection
EndGlobal
