<?xml version="1.0" encoding="utf-8"?>
<Project ToolsVersion="17.0" xmlns="http://schemas.microsoft.com/developer/msbuild/2003">
  <ItemGroup>
    <ClCompile Include="J:\SaturnEngine\SENativeRenderer\NRWindow.c">
      <Filter>Source Files</Filter>
    </ClCompile>
    <ClCompile Include="J:\SaturnEngine\SENativeRenderer\NRLogger.c">
      <Filter>Source Files</Filter>
    </ClCompile>
    <ClCompile Include="J:\SaturnEngine\SENativeRenderer\NRVec.c">
      <Filter>Source Files</Filter>
    </ClCompile>
    <ClCompile Include="J:\SaturnEngine\SENativeRenderer\NRShaderCompiler.c">
      <Filter>Source Files</Filter>
    </ClCompile>
    <ClCompile Include="J:\SaturnEngine\SENativeRenderer\NRRenderData.c">
      <Filter>Source Files</Filter>
    </ClCompile>
    <ClCompile Include="J:\SaturnEngine\SENativeRenderer\NRGlobal.c">
      <Filter>Source Files</Filter>
    </ClCompile>
    <ClCompile Include="J:\SaturnEngine\SENativeRenderer\NRVA.c">
      <Filter>Source Files</Filter>
    </ClCompile>
    <ClCompile Include="J:\SaturnEngine\SENativeRenderer\NRVkLoader.c">
      <Filter>Source Files</Filter>
    </ClCompile>
    <ClCompile Include="J:\SaturnEngine\SENativeRenderer\NRDevice.c">
      <Filter>Source Files</Filter>
    </ClCompile>
    <ClCompile Include="J:\SaturnEngine\SENativeRenderer\NRMemory.c">
      <Filter>Source Files</Filter>
    </ClCompile>
    <ClCompile Include="J:\SaturnEngine\SENativeRenderer\NRSwapchain.c">
      <Filter>Source Files</Filter>
    </ClCompile>
    <ClCompile Include="J:\SaturnEngine\SENativeRenderer\NRDescriptor.c">
      <Filter>Source Files</Filter>
    </ClCompile>
    <ClCompile Include="J:\SaturnEngine\SENativeRenderer\NRPipeline.c">
      <Filter>Source Files</Filter>
    </ClCompile>
    <ClCompile Include="J:\SaturnEngine\SENativeRenderer\NRShaderc.c">
      <Filter>Source Files</Filter>
    </ClCompile>
    <ClCompile Include="J:\SaturnEngine\SENativeRenderer\NRMesh.c">
      <Filter>Source Files</Filter>
    </ClCompile>
    <ClCompile Include="J:\SaturnEngine\SENativeRenderer\NRMaterial.c">
      <Filter>Source Files</Filter>
    </ClCompile>
    <ClCompile Include="J:\SaturnEngine\SENativeRenderer\NRMath.c">
      <Filter>Source Files</Filter>
    </ClCompile>
    <ClCompile Include="J:\SaturnEngine\SENativeRenderer\NRScene.c">
      <Filter>Source Files</Filter>
    </ClCompile>
    <ClCompile Include="J:\SaturnEngine\SENativeRenderer\NRPostProcess.c">
      <Filter>Source Files</Filter>
    </ClCompile>
    <ClCompile Include="J:\SaturnEngine\SENativeRenderer\NRParticle.c">
      <Filter>Source Files</Filter>
    </ClCompile>
    <ClCompile Include="J:\SaturnEngine\SENativeRenderer\NRFrame.c">
      <Filter>Source Files</Filter>
    </ClCompile>
  </ItemGroup>
  <ItemGroup>
    <ClInclude Include="J:\SaturnEngine\SENativeRenderer\NRDefine.h">
      <Filter>Header Files</Filter>
    </ClInclude>
    <ClInclude Include="J:\SaturnEngine\SENativeRenderer\NRTypedef.h">
      <Filter>Header Files</Filter>
    </ClInclude>
    <ClInclude Include="J:\SaturnEngine\SENativeRenderer\NRVec.h">
      <Filter>Header Files</Filter>
    </ClInclude>
    <ClInclude Include="J:\SaturnEngine\SENativeRenderer\NRRenderData.h">
      <Filter>Header Files</Filter>
    </ClInclude>
    <ClInclude Include="J:\SaturnEngine\SENativeRenderer\NRShaderCompiler.h">
      <Filter>Header Files</Filter>
    </ClInclude>
    <ClInclude Include="J:\SaturnEngine\SENativeRenderer\NRShaderSource.h">
      <Filter>Header Files</Filter>
    </ClInclude>
    <ClInclude Include="J:\SaturnEngine\SENativeRenderer\NRApi.h">
      <Filter>Header Files</Filter>
    </ClInclude>
    <ClInclude Include="J:\SaturnEngine\SENativeRenderer\NRVkLoader.h">
      <Filter>Header Files</Filter>
    </ClInclude>
    <ClInclude Include="J:\SaturnEngine\SENativeRenderer\NRDevice.h">
      <Filter>Header Files</Filter>
    </ClInclude>
    <ClInclude Include="J:\SaturnEngine\SENativeRenderer\NRMemory.h">
      <Filter>Header Files</Filter>
    </ClInclude>
    <ClInclude Include="J:\SaturnEngine\SENativeRenderer\NRSwapchain.h">
      <Filter>Header Files</Filter>
    </ClInclude>
    <ClInclude Include="J:\SaturnEngine\SENativeRenderer\NRDescriptor.h">
      <Filter>Header Files</Filter>
    </ClInclude>
    <ClInclude Include="J:\SaturnEngine\SENativeRenderer\NRPipeline.h">
      <Filter>Header Files</Filter>
    </ClInclude>
    <ClInclude Include="J:\SaturnEngine\SENativeRenderer\NRShaderc.h">
      <Filter>Header Files</Filter>
    </ClInclude>
    <ClInclude Include="J:\SaturnEngine\SENativeRenderer\NRShaderLib.h">
      <Filter>Header Files</Filter>
    </ClInclude>
    <ClInclude Include="J:\SaturnEngine\SENativeRenderer\NRMesh.h">
      <Filter>Header Files</Filter>
    </ClInclude>
    <ClInclude Include="J:\SaturnEngine\SENativeRenderer\NRMaterial.h">
      <Filter>Header Files</Filter>
    </ClInclude>
    <ClInclude Include="J:\SaturnEngine\SENativeRenderer\NRMath.h">
      <Filter>Header Files</Filter>
    </ClInclude>
    <ClInclude Include="J:\SaturnEngine\SENativeRenderer\NRScene.h">
      <Filter>Header Files</Filter>
    </ClInclude>
    <ClInclude Include="J:\SaturnEngine\SENativeRenderer\NRPostProcess.h">
      <Filter>Header Files</Filter>
    </ClInclude>
    <ClInclude Include="J:\SaturnEngine\SENativeRenderer\NRParticle.h">
      <Filter>Header Files</Filter>
    </ClInclude>
    <ClInclude Include="J:\SaturnEngine\SENativeRenderer\NRFrame.h">
      <Filter>Header Files</Filter>
    </ClInclude>
  </ItemGroup>
  <ItemGroup>
    <CustomBuild Include="J:\SaturnEngine\SENativeRenderer\CMakeLists.txt" />
  </ItemGroup>
  <ItemGroup>
    <Filter Include="Header Files">
      <UniqueIdentifier>{027F4019-1DA8-39E6-8135-423784484AF1}</UniqueIdentifier>
    </Filter>
    <Filter Include="Source Files">
      <UniqueIdentifier>{6CECAC6C-6E8B-30A2-94EB-089BF1EDD555}</UniqueIdentifier>
    </Filter>
  </ItemGroup>
</Project>
